// !$*UTF8*$!
{
	archiveVersion = 1;
	classes = {
	};
	objectVersion = 46;
	objects = {

/* Begin PBXBuildFile section */
		3D1E18FC1BA86879005ED90E /* AppDelegate.swift in Sources */ = {isa = PBXBuildFile; fileRef = 3D1E18FB1BA86879005ED90E /* AppDelegate.swift */; };
		3D1E18FE1BA86879005ED90E /* ViewController.swift in Sources */ = {isa = PBXBuildFile; fileRef = 3D1E18FD1BA86879005ED90E /* ViewController.swift */; };
		3D1E19011BA86879005ED90E /* Main.storyboard in Resources */ = {isa = PBXBuildFile; fileRef = 3D1E18FF1BA86879005ED90E /* Main.storyboard */; };
		3D1E19031BA86879005ED90E /* Images.xcassets in Resources */ = {isa = PBXBuildFile; fileRef = 3D1E19021BA86879005ED90E /* Images.xcassets */; };
		3D1E19061BA86879005ED90E /* LaunchScreen.xib in Resources */ = {isa = PBXBuildFile; fileRef = 3D1E19041BA86879005ED90E /* LaunchScreen.xib */; };
		3D1E19121BA8687A005ED90E /* CameraTaskTests.swift in Sources */ = {isa = PBXBuildFile; fileRef = 3D1E19111BA8687A005ED90E /* CameraTaskTests.swift */; };
/* End PBXBuildFile section */

/* Begin PBXContainerItemProxy section */
		3D1E190C1BA8687A005ED90E /* PBXContainerItemProxy */ = {
			isa = PBXContainerItemProxy;
			containerPortal = 3D1E18EE1BA86879005ED90E /* Project object */;
			proxyType = 1;
			remoteGlobalIDString = 3D1E18F51BA86879005ED90E;
			remoteInfo = CameraTask;
		};
/* End PBXContainerItemProxy section */

/* Begin PBXFileReference section */
		3D1E18F61BA86879005ED90E /* CameraTask.app */ = {isa = PBXFileReference; explicitFileType = wrapper.application; includeInIndex = 0; path = CameraTask.app; sourceTree = BUILT_PRODUCTS_DIR; };
		3D1E18FA1BA86879005ED90E /* Info.plist */ = {isa = PBXFileReference; lastKnownFileType = text.plist.xml; path = Info.plist; sourceTree = "<group>"; };
		3D1E18FB1BA86879005ED90E /* AppDelegate.swift */ = {isa = PBXFileReference; lastKnownFileType = sourcecode.swift; path = AppDelegate.swift; sourceTree = "<group>"; };
		3D1E18FD1BA86879005ED90E /* ViewController.swift */ = {isa = PBXFileReference; lastKnownFileType = sourcecode.swift; path = ViewController.swift; sourceTree = "<group>"; };
		3D1E19001BA86879005ED90E /* Base */ = {isa = PBXFileReference; lastKnownFileType = file.storyboard; name = Base; path = Base.lproj/Main.storyboard; sourceTree = "<group>"; };
		3D1E19021BA86879005ED90E /* Images.xcassets */ = {isa = PBXFileReference; lastKnownFileType = folder.assetcatalog; path = Images.xcassets; sourceTree = "<group>"; };
		3D1E19051BA86879005ED90E /* Base */ = {isa = PBXFileReference; lastKnownFileType = file.xib; name = Base; path = Base.lproj/LaunchScreen.xib; sourceTree = "<group>"; };
		3D1E190B1BA8687A005ED90E /* CameraTaskTests.xctest */ = {isa = PBXFileReference; explicitFileType = wrapper.cfbundle; includeInIndex = 0; path = CameraTaskTests.xctest; sourceTree = BUILT_PRODUCTS_DIR; };
		3D1E19101BA8687A005ED90E /* Info.plist */ = {isa = PBXFileReference; lastKnownFileType = text.plist.xml; path = Info.plist; sourceTree = "<group>"; };
		3D1E19111BA8687A005ED90E /* CameraTaskTests.swift */ = {isa = PBXFileReference; lastKnownFileType = sourcecode.swift; path = CameraTaskTests.swift; sourceTree = "<group>"; };
/* End PBXFileReference section */

/* Begin PBXFrameworksBuildPhase section */
		3D1E18F31BA86879005ED90E /* Frameworks */ = {
			isa = PBXFrameworksBuildPhase;
			buildActionMask = 2147483647;
			files = (
			);
			runOnlyForDeploymentPostprocessing = 0;
		};
		3D1E19081BA8687A005ED90E /* Frameworks */ = {
			isa = PBXFrameworksBuildPhase;
			buildActionMask = 2147483647;
			files = (
			);
			runOnlyForDeploymentPostprocessing = 0;
		};
/* End PBXFrameworksBuildPhase section */

/* Begin PBXGroup section */
		3D1E18ED1BA86879005ED90E = {
			isa = PBXGroup;
			children = (
				3D1E18F81BA86879005ED90E /* CameraTask */,
				3D1E190E1BA8687A005ED90E /* CameraTaskTests */,
				3D1E18F71BA86879005ED90E /* Products */,
			);
			sourceTree = "<group>";
		};
		3D1E18F71BA86879005ED90E /* Products */ = {
			isa = PBXGroup;
			children = (
				3D1E18F61BA86879005ED90E /* CameraTask.app */,
				3D1E190B1BA8687A005ED90E /* CameraTaskTests.xctest */,
			);
			name = Products;
			sourceTree = "<group>";
		};
		3D1E18F81BA86879005ED90E /* CameraTask */ = {
			isa = PBXGroup;
			children = (
				3D1E18FB1BA86879005ED90E /* AppDelegate.swift */,
				3D1E18FD1BA86879005ED90E /* ViewController.swift */,
				3D1E18FF1BA86879005ED90E /* Main.storyboard */,
				3D1E19021BA86879005ED90E /* Images.xcassets */,
				3D1E19041BA86879005ED90E /* LaunchScreen.xib */,
				3D1E18F91BA86879005ED90E /* Supporting Files */,
			);
			path = CameraTask;
			sourceTree = "<group>";
		};
		3D1E18F91BA86879005ED90E /* Supporting Files */ = {
			isa = PBXGroup;
			children = (
				3D1E18FA1BA86879005ED90E /* Info.plist */,
			);
			name = "Supporting Files";
			sourceTree = "<group>";
		};
		3D1E190E1BA8687A005ED90E /* CameraTaskTests */ = {
			isa = PBXGroup;
			children = (
				3D1E19111BA8687A005ED90E /* CameraTaskTests.swift */,
				3D1E190F1BA8687A005ED90E /* Supporting Files */,
			);
			path = CameraTaskTests;
			sourceTree = "<group>";
		};
		3D1E190F1BA8687A005ED90E /* Supporting Files */ = {
			isa = PBXGroup;
			children = (
				3D1E19101BA8687A005ED90E /* Info.plist */,
			);
			name = "Supporting Files";
			sourceTree = "<group>";
		};
/* End PBXGroup section */

/* Begin PBXNativeTarget section */
		3D1E18F51BA86879005ED90E /* CameraTask */ = {
			isa = PBXNativeTarget;
			buildConfigurationList = 3D1E19151BA8687A005ED90E /* Build configuration list for PBXNativeTarget "CameraTask" */;
			buildPhases = (
				3D1E18F21BA86879005ED90E /* Sources */,
				3D1E18F31BA86879005ED90E /* Frameworks */,
				3D1E18F41BA86879005ED90E /* Resources */,
			);
			buildRules = (
			);
			dependencies = (
			);
			name = CameraTask;
			productName = CameraTask;
			productReference = 3D1E18F61BA86879005ED90E /* CameraTask.app */;
			productType = "com.apple.product-type.application";
		};
		3D1E190A1BA8687A005ED90E /* CameraTaskTests */ = {
			isa = PBXNativeTarget;
			buildConfigurationList = 3D1E19181BA8687A005ED90E /* Build configuration list for PBXNativeTarget "CameraTaskTests" */;
			buildPhases = (
				3D1E19071BA8687A005ED90E /* Sources */,
				3D1E19081BA8687A005ED90E /* Frameworks */,
				3D1E19091BA8687A005ED90E /* Resources */,
			);
			buildRules = (
			);
			dependencies = (
				3D1E190D1BA8687A005ED90E /* PBXTargetDependency */,
			);
			name = CameraTaskTests;
			productName = CameraTaskTests;
			productReference = 3D1E190B1BA8687A005ED90E /* CameraTaskTests.xctest */;
			productType = "com.apple.product-type.bundle.unit-test";
		};
/* End PBXNativeTarget section */

/* Begin PBXProject section */
		3D1E18EE1BA86879005ED90E /* Project object */ = {
			isa = PBXProject;
			attributes = {
				LastUpgradeCheck = 0640;
				ORGANIZATIONNAME = "Alexey Tsymlov";
				TargetAttributes = {
					3D1E18F51BA86879005ED90E = {
						CreatedOnToolsVersion = 6.4;
					};
					3D1E190A1BA8687A005ED90E = {
						CreatedOnToolsVersion = 6.4;
						TestTargetID = 3D1E18F51BA86879005ED90E;
					};
				};
			};
			buildConfigurationList = 3D1E18F11BA86879005ED90E /* Build configuration list for PBXProject "CameraTask" */;
			compatibilityVersion = "Xcode 3.2";
			developmentRegion = English;
			hasScannedForEncodings = 0;
			knownRegions = (
				en,
				Base,
			);
			mainGroup = 3D1E18ED1BA86879005ED90E;
			productRefGroup = 3D1E18F71BA86879005ED90E /* Products */;
			projectDirPath = "";
			projectRoot = "";
			targets = (
				3D1E18F51BA86879005ED90E /* CameraTask */,
				3D1E190A1BA8687A005ED90E /* CameraTaskTests */,
			);
		};
/* End PBXProject section */

/* Begin PBXResourcesBuildPhase section */
		3D1E18F41BA86879005ED90E /* Resources */ = {
			isa = PBXResourcesBuildPhase;
			buildActionMask = 2147483647;
			files = (
				3D1E19011BA86879005ED90E /* Main.storyboard in Resources */,
				3D1E19061BA86879005ED90E /* LaunchScreen.xib in Resources */,
				3D1E19031BA86879005ED90E /* Images.xcassets in Resources */,
			);
			runOnlyForDeploymentPostprocessing = 0;
		};
		3D1E19091BA8687A005ED90E /* Resources */ = {
			isa = PBXResourcesBuildPhase;
			buildActionMask = 2147483647;
			files = (
			);
			runOnlyForDeploymentPostprocessing = 0;
		};
/* End PBXResourcesBuildPhase section */

/* Begin PBXSourcesBuildPhase section */
		3D1E18F21BA86879005ED90E /* Sources */ = {
			isa = PBXSourcesBuildPhase;
			buildActionMask = 2147483647;
			files = (
				3D1E18FE1BA86879005ED90E /* ViewController.swift in Sources */,
				3D1E18FC1BA86879005ED90E /* AppDelegate.swift in Sources */,
			);
			runOnlyForDeploymentPostprocessing = 0;
		};
		3D1E19071BA8687A005ED90E /* Sources */ = {
			isa = PBXSourcesBuildPhase;
			buildActionMask = 2147483647;
			files = (
				3D1E19121BA8687A005ED90E /* CameraTaskTests.swift in Sources */,
			);
			runOnlyForDeploymentPostprocessing = 0;
		};
/* End PBXSourcesBuildPhase section */

/* Begin PBXTargetDependency section */
		3D1E190D1BA8687A005ED90E /* PBXTargetDependency */ = {
			isa = PBXTargetDependency;
			target = 3D1E18F51BA86879005ED90E /* CameraTask */;
			targetProxy = 3D1E190C1BA8687A005ED90E /* PBXContainerItemProxy */;
		};
/* End PBXTargetDependency section */

/* Begin PBXVariantGroup section */
		3D1E18FF1BA86879005ED90E /* Main.storyboard */ = {
			isa = PBXVariantGroup;
			children = (
				3D1E19001BA86879005ED90E /* Base */,
			);
			name = Main.storyboard;
			sourceTree = "<group>";
		};
		3D1E19041BA86879005ED90E /* LaunchScreen.xib */ = {
			isa = PBXVariantGroup;
			children = (
				3D1E19051BA86879005ED90E /* Base */,
			);
			name = LaunchScreen.xib;
			sourceTree = "<group>";
		};
/* End PBXVariantGroup section */

/* Begin XCBuildConfiguration section */
		3D1E19131BA8687A005ED90E /* Debug */ = {
			isa = XCBuildConfiguration;
			buildSettings = {
				ALWAYS_SEARCH_USER_PATHS = NO;
				CLANG_CXX_LANGUAGE_STANDARD = "gnu++0x";
				CLANG_CXX_LIBRARY = "libc++";
				CLANG_ENABLE_MODULES = YES;
				CLANG_ENABLE_OBJC_ARC = YES;
				CLANG_WARN_BOOL_CONVERSION = YES;
				CLANG_WARN_CONSTANT_CONVERSION = YES;
				CLANG_WARN_DIRECT_OBJC_ISA_USAGE = YES_ERROR;
				CLANG_WARN_EMPTY_BODY = YES;
				CLANG_WARN_ENUM_CONVERSION = YES;
				CLANG_WARN_INT_CONVERSION = YES;
				CLANG_WARN_OBJC_ROOT_CLASS = YES_ERROR;
				CLANG_WARN_UNREACHABLE_CODE = YES;
				CLANG_WARN__DUPLICATE_METHOD_MATCH = YES;
				"CODE_SIGN_IDENTITY[sdk=iphoneos*]" = "iPhone Developer";
				COPY_PHASE_STRIP = NO;
				DEBUG_INFORMATION_FORMAT = "dwarf-with-dsym";
				ENABLE_STRICT_OBJC_MSGSEND = YES;
				GCC_C_LANGUAGE_STANDARD = gnu99;
				GCC_DYNAMIC_NO_PIC = NO;
				GCC_NO_COMMON_BLOCKS = YES;
				GCC_OPTIMIZATION_LEVEL = 0;
				GCC_PREPROCESSOR_DEFINITIONS = (
					"DEBUG=1",
					"$(inherited)",
				);
				GCC_SYMBOLS_PRIVATE_EXTERN = NO;
				GCC_WARN_64_TO_32_BIT_CONVERSION = YES;
				GCC_WARN_ABOUT_RETURN_TYPE = YES_ERROR;
				GCC_WARN_UNDECLARED_SELECTOR = YES;
				GCC_WARN_UNINITIALIZED_AUTOS = YES_AGGRESSIVE;
				GCC_WARN_UNUSED_FUNCTION = YES;
				GCC_WARN_UNUSED_VARIABLE = YES;
				IPHONEOS_DEPLOYMENT_TARGET = 8.4;
				MTL_ENABLE_DEBUG_INFO = YES;
				ONLY_ACTIVE_ARCH = YES;
				SDKROOT = iphoneos;
				SWIFT_OPTIMIZATION_LEVEL = "-Onone";
				TARGETED_DEVICE_FAMILY = "1,2";
			};
			name = Debug;
		};
		3D1E19141BA8687A005ED90E /* Release */ = {
			isa = XCBuildConfiguration;
			buildSettings = {
				ALWAYS_SEARCH_USER_PATHS = NO;
				CLANG_CXX_LANGUAGE_STANDARD = "gnu++0x";
				CLANG_CXX_LIBRARY = "libc++";
				CLANG_ENABLE_MODULES = YES;
				CLANG_ENABLE_OBJC_ARC = YES;
				CLANG_WARN_BOOL_CONVERSION = YES;
				CLANG_WARN_CONSTANT_CONVERSION = YES;
				CLANG_WARN_DIRECT_OBJC_ISA_USAGE = YES_ERROR;
				CLANG_WARN_EMPTY_BODY = YES;
				CLANG_WARN_ENUM_CONVERSION = YES;
				CLANG_WARN_INT_CONVERSION = YES;
				CLANG_WARN_OBJC_ROOT_CLASS = YES_ERROR;
				CLANG_WARN_UNREACHABLE_CODE = YES;
				CLANG_WARN__DUPLICATE_METHOD_MATCH = YES;
				"CODE_SIGN_IDENTITY[sdk=iphoneos*]" = "iPhone Developer";
				COPY_PHASE_STRIP = NO;
				DEBUG_INFORMATION_FORMAT = "dwarf-with-dsym";
				ENABLE_NS_ASSERTIONS = NO;
				ENABLE_STRICT_OBJC_MSGSEND = YES;
				GCC_C_LANGUAGE_STANDARD = gnu99;
				GCC_NO_COMMON_BLOCKS = YES;
				GCC_WARN_64_TO_32_BIT_CONVERSION = YES;
				GCC_WARN_ABOUT_RETURN_TYPE = YES_ERROR;
				GCC_WARN_UNDECLARED_SELECTOR = YES;
				GCC_WARN_UNINITIALIZED_AUTOS = YES_AGGRESSIVE;
				GCC_WARN_UNUSED_FUNCTION = YES;
				GCC_WARN_UNUSED_VARIABLE = YES;
				IPHONEOS_DEPLOYMENT_TARGET = 8.4;
				MTL_ENABLE_DEBUG_INFO = NO;
				SDKROOT = iphoneos;
				TARGETED_DEVICE_FAMILY = "1,2";
				VALIDATE_PRODUCT = YES;
			};
			name = Release;
		};
		3D1E19161BA8687A005ED90E /* Debug */ = {
			isa = XCBuildConfiguration;
			buildSettings = {
				ASSETCATALOG_COMPILER_APPICON_NAME = AppIcon;
				INFOPLIST_FILE = CameraTask/Info.plist;
				LD_RUNPATH_SEARCH_PATHS = "$(inherited) @executable_path/Frameworks";
				PRODUCT_NAME = "$(TARGET_NAME)";
			};
			name = Debug;
		};
		3D1E19171BA8687A005ED90E /* Release */ = {
			isa = XCBuildConfiguration;
			buildSettings = {
				ASSETCATALOG_COMPILER_APPICON_NAME = AppIcon;
				INFOPLIST_FILE = CameraTask/Info.plist;
				LD_RUNPATH_SEARCH_PATHS = "$(inherited) @executable_path/Frameworks";
				PRODUCT_NAME = "$(TARGET_NAME)";
			};
			name = Release;
		};
		3D1E19191BA8687A005ED90E /* Debug */ = {
			isa = XCBuildConfiguration;
			buildSettings = {
				BUNDLE_LOADER = "$(TEST_HOST)";
				FRAMEWORK_SEARCH_PATHS = (
					"$(SDKROOT)/Developer/Library/Frameworks",
					"$(inherited)",
				);
				GCC_PREPROCESSOR_DEFINITIONS = (
					"DEBUG=1",
					"$(inherited)",
				);
				INFOPLIST_FILE = CameraTaskTests/Info.plist;
				LD_RUNPATH_SEARCH_PATHS = "$(inherited) @executable_path/Frameworks @loader_path/Frameworks";
				PRODUCT_NAME = "$(TARGET_NAME)";
				TEST_HOST = "$(BUILT_PRODUCTS_DIR)/CameraTask.app/CameraTask";
			};
			name = Debug;
		};
		3D1E191A1BA8687A005ED90E /* Release */ = {
			isa = XCBuildConfiguration;
			buildSettings = {
				BUNDLE_LOADER = "$(TEST_HOST)";
				FRAMEWORK_SEARCH_PATHS = (
					"$(SDKROOT)/Developer/Library/Frameworks",
					"$(inherited)",
				);
				INFOPLIST_FILE = CameraTaskTests/Info.plist;
				LD_RUNPATH_SEARCH_PATHS = "$(inherited) @executable_path/Frameworks @loader_path/Frameworks";
				PRODUCT_NAME = "$(TARGET_NAME)";
				TEST_HOST = "$(BUILT_PRODUCTS_DIR)/CameraTask.app/CameraTask";
			};
			name = Release;
		};
/* End XCBuildConfiguration section */

/* Begin XCConfigurationList section */
		3D1E18F11BA86879005ED90E /* Build configuration list for PBXProject "CameraTask" */ = {
			isa = XCConfigurationList;
			buildConfigurations = (
				3D1E19131BA8687A005ED90E /* Debug */,
				3D1E19141BA8687A005ED90E /* Release */,
			);
			defaultConfigurationIsVisible = 0;
			defaultConfigurationName = Release;
		};
		3D1E19151BA8687A005ED90E /* Build configuration list for PBXNativeTarget "CameraTask" */ = {
			isa = XCConfigurationList;
			buildConfigurations = (
				3D1E19161BA8687A005ED90E /* Debug */,
				3D1E19171BA8687A005ED90E /* Release */,
			);
			defaultConfigurationIsVisible = 0;
		};
		3D1E19181BA8687A005ED90E /* Build configuration list for PBXNativeTarget "CameraTaskTests" */ = {
			isa = XCConfigurationList;
			buildConfigurations = (
				3D1E19191BA8687A005ED90E /* Debug */,
				3D1E191A1BA8687A005ED90E /* Release */,
			);
			defaultConfigurationIsVisible = 0;
		};
/* End XCConfigurationList section */
	};
	rootObject = 3D1E18EE1BA86879005ED90E /* Project object */;
}
